// !$*UTF8*$!
{
	archiveVersion = 1;
	classes = {
	};
	objectVersion = 56;
	objects = {

/* Begin PBXBuildFile section */
		6968A7E02AB8095F004369BF /* ProfileViewController.swift in Sources */ = {isa = PBXBuildFile; fileRef = 6968A7DF2AB8095F004369BF /* ProfileViewController.swift */; };
		6968A7E32AB92EFB004369BF /* Task.xcdatamodeld in Sources */ = {isa = PBXBuildFile; fileRef = 6968A7E12AB92EFA004369BF /* Task.xcdatamodeld */; };
		6968A7E52AB97ACB004369BF /* CoreDataHelper.swift in Sources */ = {isa = PBXBuildFile; fileRef = 6968A7E42AB97ACB004369BF /* CoreDataHelper.swift */; };
		6968A7E82ABBFB98004369BF /* TodoViewModel.swift in Sources */ = {isa = PBXBuildFile; fileRef = 6968A7E72ABBFB97004369BF /* TodoViewModel.swift */; };
		6979A3F32A9CB35C00AC293A /* Kingfisher in Frameworks */ = {isa = PBXBuildFile; productRef = 6979A3F22A9CB35C00AC293A /* Kingfisher */; };
		6979A3FB2A9D94D800AC293A /* Assets.xcassets in Resources */ = {isa = PBXBuildFile; fileRef = 6979A3FA2A9D94D800AC293A /* Assets.xcassets */; };
		6979A3FD2A9DA82200AC293A /* appIcon.png in Resources */ = {isa = PBXBuildFile; fileRef = 6979A3FC2A9DA82200AC293A /* appIcon.png */; };
		6979A3FF2A9DA9CB00AC293A /* PetViewController.swift in Sources */ = {isa = PBXBuildFile; fileRef = 6979A3FE2A9DA9CB00AC293A /* PetViewController.swift */; };
		6979A4012A9DB14A00AC293A /* PetModels.swift in Sources */ = {isa = PBXBuildFile; fileRef = 6979A4002A9DB14A00AC293A /* PetModels.swift */; };
		6979A4042A9DB86C00AC293A /* Alamofire in Frameworks */ = {isa = PBXBuildFile; productRef = 6979A4032A9DB86C00AC293A /* Alamofire */; };
		69A3B4702A79F09500FA119D /* AppDelegate.swift in Sources */ = {isa = PBXBuildFile; fileRef = 69A3B46F2A79F09500FA119D /* AppDelegate.swift */; };
		69A3B4722A79F09500FA119D /* SceneDelegate.swift in Sources */ = {isa = PBXBuildFile; fileRef = 69A3B4712A79F09500FA119D /* SceneDelegate.swift */; };
		69A3B4742A79F09500FA119D /* MainViewController.swift in Sources */ = {isa = PBXBuildFile; fileRef = 69A3B4732A79F09500FA119D /* MainViewController.swift */; };
		69A3B4772A79F09500FA119D /* Main.storyboard in Resources */ = {isa = PBXBuildFile; fileRef = 69A3B4752A79F09500FA119D /* Main.storyboard */; };
		69A3B47C2A79F09700FA119D /* LaunchScreen.storyboard in Resources */ = {isa = PBXBuildFile; fileRef = 69A3B47A2A79F09700FA119D /* LaunchScreen.storyboard */; };
		69A3B4862A7A1F5900FA119D /* TodoViewController.swift in Sources */ = {isa = PBXBuildFile; fileRef = 69A3B4852A7A1F5900FA119D /* TodoViewController.swift */; };
		69A3B4882A7A1F6500FA119D /* DoneViewController.swift in Sources */ = {isa = PBXBuildFile; fileRef = 69A3B4872A7A1F6500FA119D /* DoneViewController.swift */; };
		69A3B48A2A7A29A000FA119D /* TodoModels.swift in Sources */ = {isa = PBXBuildFile; fileRef = 69A3B4892A7A29A000FA119D /* TodoModels.swift */; };
		69D441E62A84835D003A75A6 /* TodoDetailViewController.swift in Sources */ = {isa = PBXBuildFile; fileRef = 69D441E52A84835D003A75A6 /* TodoDetailViewController.swift */; };
/* End PBXBuildFile section */

/* Begin PBXFileReference section */
		6968A7DF2AB8095F004369BF /* ProfileViewController.swift */ = {isa = PBXFileReference; lastKnownFileType = sourcecode.swift; path = ProfileViewController.swift; sourceTree = "<group>"; };
		6968A7E22AB92EFB004369BF /* Task.xcdatamodel */ = {isa = PBXFileReference; lastKnownFileType = wrapper.xcdatamodel; path = Task.xcdatamodel; sourceTree = "<group>"; };
		6968A7E42AB97ACB004369BF /* CoreDataHelper.swift */ = {isa = PBXFileReference; lastKnownFileType = sourcecode.swift; path = CoreDataHelper.swift; sourceTree = "<group>"; };
		6968A7E72ABBFB97004369BF /* TodoViewModel.swift */ = {isa = PBXFileReference; lastKnownFileType = sourcecode.swift; path = TodoViewModel.swift; sourceTree = "<group>"; };
		6979A3FA2A9D94D800AC293A /* Assets.xcassets */ = {isa = PBXFileReference; lastKnownFileType = folder.assetcatalog; path = Assets.xcassets; sourceTree = "<group>"; };
		6979A3FC2A9DA82200AC293A /* appIcon.png */ = {isa = PBXFileReference; lastKnownFileType = image.png; path = appIcon.png; sourceTree = "<group>"; };
		6979A3FE2A9DA9CB00AC293A /* PetViewController.swift */ = {isa = PBXFileReference; lastKnownFileType = sourcecode.swift; path = PetViewController.swift; sourceTree = "<group>"; };
		6979A4002A9DB14A00AC293A /* PetModels.swift */ = {isa = PBXFileReference; lastKnownFileType = sourcecode.swift; path = PetModels.swift; sourceTree = "<group>"; };
		69A3B46C2A79F09500FA119D /* memo.app */ = {isa = PBXFileReference; explicitFileType = wrapper.application; includeInIndex = 0; path = memo.app; sourceTree = BUILT_PRODUCTS_DIR; };
		69A3B46F2A79F09500FA119D /* AppDelegate.swift */ = {isa = PBXFileReference; lastKnownFileType = sourcecode.swift; path = AppDelegate.swift; sourceTree = "<group>"; };
		69A3B4712A79F09500FA119D /* SceneDelegate.swift */ = {isa = PBXFileReference; lastKnownFileType = sourcecode.swift; path = SceneDelegate.swift; sourceTree = "<group>"; };
		69A3B4732A79F09500FA119D /* MainViewController.swift */ = {isa = PBXFileReference; lastKnownFileType = sourcecode.swift; path = MainViewController.swift; sourceTree = "<group>"; };
		69A3B4762A79F09500FA119D /* Base */ = {isa = PBXFileReference; lastKnownFileType = file.storyboard; name = Base; path = Base.lproj/Main.storyboard; sourceTree = "<group>"; };
		69A3B47B2A79F09700FA119D /* Base */ = {isa = PBXFileReference; lastKnownFileType = file.storyboard; name = Base; path = Base.lproj/LaunchScreen.storyboard; sourceTree = "<group>"; };
		69A3B47D2A79F09700FA119D /* Info.plist */ = {isa = PBXFileReference; lastKnownFileType = text.plist.xml; path = Info.plist; sourceTree = "<group>"; };
		69A3B4852A7A1F5900FA119D /* TodoViewController.swift */ = {isa = PBXFileReference; lastKnownFileType = sourcecode.swift; path = TodoViewController.swift; sourceTree = "<group>"; };
		69A3B4872A7A1F6500FA119D /* DoneViewController.swift */ = {isa = PBXFileReference; lastKnownFileType = sourcecode.swift; path = DoneViewController.swift; sourceTree = "<group>"; };
		69A3B4892A7A29A000FA119D /* TodoModels.swift */ = {isa = PBXFileReference; lastKnownFileType = sourcecode.swift; path = TodoModels.swift; sourceTree = "<group>"; };
		69D441E52A84835D003A75A6 /* TodoDetailViewController.swift */ = {isa = PBXFileReference; lastKnownFileType = sourcecode.swift; path = TodoDetailViewController.swift; sourceTree = "<group>"; };
/* End PBXFileReference section */

/* Begin PBXFrameworksBuildPhase section */
		69A3B4692A79F09500FA119D /* Frameworks */ = {
			isa = PBXFrameworksBuildPhase;
			buildActionMask = 2147483647;
			files = (
				6979A3F32A9CB35C00AC293A /* Kingfisher in Frameworks */,
				6979A4042A9DB86C00AC293A /* Alamofire in Frameworks */,
			);
			runOnlyForDeploymentPostprocessing = 0;
		};
/* End PBXFrameworksBuildPhase section */

/* Begin PBXGroup section */
		6968A7E62ABBFB77004369BF /* ViewModels */ = {
			isa = PBXGroup;
			children = (
				6968A7E72ABBFB97004369BF /* TodoViewModel.swift */,
			);
			path = ViewModels;
			sourceTree = "<group>";
		};
		6979A3F42A9CB58000AC293A /* Views */ = {
			isa = PBXGroup;
			children = (
				69A3B4752A79F09500FA119D /* Main.storyboard */,
			);
			path = Views;
			sourceTree = "<group>";
		};
		6979A3F52A9CB58700AC293A /* Controllers */ = {
			isa = PBXGroup;
			children = (
				69A3B4852A7A1F5900FA119D /* TodoViewController.swift */,
				69A3B4872A7A1F6500FA119D /* DoneViewController.swift */,
				69A3B4732A79F09500FA119D /* MainViewController.swift */,
				69D441E52A84835D003A75A6 /* TodoDetailViewController.swift */,
				6979A3FE2A9DA9CB00AC293A /* PetViewController.swift */,
				6968A7DF2AB8095F004369BF /* ProfileViewController.swift */,
			);
			path = Controllers;
			sourceTree = "<group>";
		};
		6979A3F62A9CB59500AC293A /* Models */ = {
			isa = PBXGroup;
			children = (
				69A3B4892A7A29A000FA119D /* TodoModels.swift */,
				6979A4002A9DB14A00AC293A /* PetModels.swift */,
				6968A7E12AB92EFA004369BF /* Task.xcdatamodeld */,
				6968A7E42AB97ACB004369BF /* CoreDataHelper.swift */,
			);
			path = Models;
			sourceTree = "<group>";
		};
		6979A3F72A9CB59A00AC293A /* Resources */ = {
			isa = PBXGroup;
			children = (
				69A3B46F2A79F09500FA119D /* AppDelegate.swift */,
				69A3B4712A79F09500FA119D /* SceneDelegate.swift */,
			);
			path = Resources;
			sourceTree = "<group>";
		};
		69A3B4632A79F09500FA119D = {
			isa = PBXGroup;
			children = (
				69A3B46E2A79F09500FA119D /* memo */,
				69A3B46D2A79F09500FA119D /* Products */,
			);
			sourceTree = "<group>";
		};
		69A3B46D2A79F09500FA119D /* Products */ = {
			isa = PBXGroup;
			children = (
				69A3B46C2A79F09500FA119D /* memo.app */,
			);
			name = Products;
			sourceTree = "<group>";
		};
		69A3B46E2A79F09500FA119D /* memo */ = {
			isa = PBXGroup;
			children = (
				6968A7E62ABBFB77004369BF /* ViewModels */,
				6979A3F72A9CB59A00AC293A /* Resources */,
				6979A3F62A9CB59500AC293A /* Models */,
				6979A3F52A9CB58700AC293A /* Controllers */,
				6979A3F42A9CB58000AC293A /* Views */,
				69A3B47A2A79F09700FA119D /* LaunchScreen.storyboard */,
				6979A3FA2A9D94D800AC293A /* Assets.xcassets */,
				6979A3FC2A9DA82200AC293A /* appIcon.png */,
				69A3B47D2A79F09700FA119D /* Info.plist */,
			);
			path = memo;
			sourceTree = "<group>";
		};
/* End PBXGroup section */

/* Begin PBXNativeTarget section */
		69A3B46B2A79F09500FA119D /* memo */ = {
			isa = PBXNativeTarget;
			buildConfigurationList = 69A3B4802A79F09700FA119D /* Build configuration list for PBXNativeTarget "memo" */;
			buildPhases = (
				69A3B4682A79F09500FA119D /* Sources */,
				69A3B4692A79F09500FA119D /* Frameworks */,
				69A3B46A2A79F09500FA119D /* Resources */,
			);
			buildRules = (
			);
			dependencies = (
			);
			name = memo;
			packageProductDependencies = (
				6979A3F22A9CB35C00AC293A /* Kingfisher */,
				6979A4032A9DB86C00AC293A /* Alamofire */,
			);
			productName = memo;
			productReference = 69A3B46C2A79F09500FA119D /* memo.app */;
			productType = "com.apple.product-type.application";
		};
/* End PBXNativeTarget section */

/* Begin PBXProject section */
		69A3B4642A79F09500FA119D /* Project object */ = {
			isa = PBXProject;
			attributes = {
				BuildIndependentTargetsInParallel = 1;
				LastSwiftUpdateCheck = 1430;
				LastUpgradeCheck = 1430;
				TargetAttributes = {
					69A3B46B2A79F09500FA119D = {
						CreatedOnToolsVersion = 14.3.1;
					};
				};
			};
			buildConfigurationList = 69A3B4672A79F09500FA119D /* Build configuration list for PBXProject "memo" */;
			compatibilityVersion = "Xcode 14.0";
			developmentRegion = en;
			hasScannedForEncodings = 0;
			knownRegions = (
				en,
				Base,
			);
			mainGroup = 69A3B4632A79F09500FA119D;
			packageReferences = (
				6979A3F12A9CB35C00AC293A /* XCRemoteSwiftPackageReference "Kingfisher" */,
				6979A4022A9DB86C00AC293A /* XCRemoteSwiftPackageReference "Alamofire" */,
			);
			productRefGroup = 69A3B46D2A79F09500FA119D /* Products */;
			projectDirPath = "";
			projectRoot = "";
			targets = (
				69A3B46B2A79F09500FA119D /* memo */,
			);
		};
/* End PBXProject section */

/* Begin PBXResourcesBuildPhase section */
		69A3B46A2A79F09500FA119D /* Resources */ = {
			isa = PBXResourcesBuildPhase;
			buildActionMask = 2147483647;
			files = (
				69A3B47C2A79F09700FA119D /* LaunchScreen.storyboard in Resources */,
				6979A3FB2A9D94D800AC293A /* Assets.xcassets in Resources */,
				6979A3FD2A9DA82200AC293A /* appIcon.png in Resources */,
				69A3B4772A79F09500FA119D /* Main.storyboard in Resources */,
			);
			runOnlyForDeploymentPostprocessing = 0;
		};
/* End PBXResourcesBuildPhase section */

/* Begin PBXSourcesBuildPhase section */
		69A3B4682A79F09500FA119D /* Sources */ = {
			isa = PBXSourcesBuildPhase;
			buildActionMask = 2147483647;
			files = (
				69A3B4742A79F09500FA119D /* MainViewController.swift in Sources */,
				6968A7E32AB92EFB004369BF /* Task.xcdatamodeld in Sources */,
				69A3B4702A79F09500FA119D /* AppDelegate.swift in Sources */,
				6968A7E02AB8095F004369BF /* ProfileViewController.swift in Sources */,
				6979A4012A9DB14A00AC293A /* PetModels.swift in Sources */,
				6979A3FF2A9DA9CB00AC293A /* PetViewController.swift in Sources */,
				6968A7E82ABBFB98004369BF /* TodoViewModel.swift in Sources */,
				6968A7E52AB97ACB004369BF /* CoreDataHelper.swift in Sources */,
				69A3B4722A79F09500FA119D /* SceneDelegate.swift in Sources */,
				69A3B4882A7A1F6500FA119D /* DoneViewController.swift in Sources */,
				69A3B48A2A7A29A000FA119D /* TodoModels.swift in Sources */,
				69A3B4862A7A1F5900FA119D /* TodoViewController.swift in Sources */,
				69D441E62A84835D003A75A6 /* TodoDetailViewController.swift in Sources */,
			);
			runOnlyForDeploymentPostprocessing = 0;
		};
/* End PBXSourcesBuildPhase section */

/* Begin PBXVariantGroup section */
		69A3B4752A79F09500FA119D /* Main.storyboard */ = {
			isa = PBXVariantGroup;
			children = (
				69A3B4762A79F09500FA119D /* Base */,
			);
			name = Main.storyboard;
			sourceTree = "<group>";
		};
		69A3B47A2A79F09700FA119D /* LaunchScreen.storyboard */ = {
			isa = PBXVariantGroup;
			children = (
				69A3B47B2A79F09700FA119D /* Base */,
			);
			name = LaunchScreen.storyboard;
			sourceTree = "<group>";
		};
/* End PBXVariantGroup section */

/* Begin XCBuildConfiguration section */
		69A3B47E2A79F09700FA119D /* Debug */ = {
			isa = XCBuildConfiguration;
			buildSettings = {
				ALWAYS_SEARCH_USER_PATHS = NO;
				CLANG_ANALYZER_NONNULL = YES;
				CLANG_ANALYZER_NUMBER_OBJECT_CONVERSION = YES_AGGRESSIVE;
				CLANG_CXX_LANGUAGE_STANDARD = "gnu++20";
				CLANG_ENABLE_MODULES = YES;
				CLANG_ENABLE_OBJC_ARC = YES;
				CLANG_ENABLE_OBJC_WEAK = YES;
				CLANG_WARN_BLOCK_CAPTURE_AUTORELEASING = YES;
				CLANG_WARN_BOOL_CONVERSION = YES;
				CLANG_WARN_COMMA = YES;
				CLANG_WARN_CONSTANT_CONVERSION = YES;
				CLANG_WARN_DEPRECATED_OBJC_IMPLEMENTATIONS = YES;
				CLANG_WARN_DIRECT_OBJC_ISA_USAGE = YES_ERROR;
				CLANG_WARN_DOCUMENTATION_COMMENTS = YES;
				CLANG_WARN_EMPTY_BODY = YES;
				CLANG_WARN_ENUM_CONVERSION = YES;
				CLANG_WARN_INFINITE_RECURSION = YES;
				CLANG_WARN_INT_CONVERSION = YES;
				CLANG_WARN_NON_LITERAL_NULL_CONVERSION = YES;
				CLANG_WARN_OBJC_IMPLICIT_RETAIN_SELF = YES;
				CLANG_WARN_OBJC_LITERAL_CONVERSION = YES;
				CLANG_WARN_OBJC_ROOT_CLASS = YES_ERROR;
				CLANG_WARN_QUOTED_INCLUDE_IN_FRAMEWORK_HEADER = YES;
				CLANG_WARN_RANGE_LOOP_ANALYSIS = YES;
				CLANG_WARN_STRICT_PROTOTYPES = YES;
				CLANG_WARN_SUSPICIOUS_MOVE = YES;
				CLANG_WARN_UNGUARDED_AVAILABILITY = YES_AGGRESSIVE;
				CLANG_WARN_UNREACHABLE_CODE = YES;
				CLANG_WARN__DUPLICATE_METHOD_MATCH = YES;
				COPY_PHASE_STRIP = NO;
				DEBUG_INFORMATION_FORMAT = dwarf;
				ENABLE_STRICT_OBJC_MSGSEND = YES;
				ENABLE_TESTABILITY = YES;
				GCC_C_LANGUAGE_STANDARD = gnu11;
				GCC_DYNAMIC_NO_PIC = NO;
				GCC_NO_COMMON_BLOCKS = YES;
				GCC_OPTIMIZATION_LEVEL = 0;
				GCC_PREPROCESSOR_DEFINITIONS = (
					"DEBUG=1",
					"$(inherited)",
				);
				GCC_WARN_64_TO_32_BIT_CONVERSION = YES;
				GCC_WARN_ABOUT_RETURN_TYPE = YES_ERROR;
				GCC_WARN_UNDECLARED_SELECTOR = YES;
				GCC_WARN_UNINITIALIZED_AUTOS = YES_AGGRESSIVE;
				GCC_WARN_UNUSED_FUNCTION = YES;
				GCC_WARN_UNUSED_VARIABLE = YES;
				IPHONEOS_DEPLOYMENT_TARGET = 16.4;
				MTL_ENABLE_DEBUG_INFO = INCLUDE_SOURCE;
				MTL_FAST_MATH = YES;
				ONLY_ACTIVE_ARCH = YES;
				SDKROOT = iphoneos;
				SWIFT_ACTIVE_COMPILATION_CONDITIONS = DEBUG;
				SWIFT_OPTIMIZATION_LEVEL = "-Onone";
			};
			name = Debug;
		};
		69A3B47F2A79F09700FA119D /* Release */ = {
			isa = XCBuildConfiguration;
			buildSettings = {
				ALWAYS_SEARCH_USER_PATHS = NO;
				CLANG_ANALYZER_NONNULL = YES;
				CLANG_ANALYZER_NUMBER_OBJECT_CONVERSION = YES_AGGRESSIVE;
				CLANG_CXX_LANGUAGE_STANDARD = "gnu++20";
				CLANG_ENABLE_MODULES = YES;
				CLANG_ENABLE_OBJC_ARC = YES;
				CLANG_ENABLE_OBJC_WEAK = YES;
				CLANG_WARN_BLOCK_CAPTURE_AUTORELEASING = YES;
				CLANG_WARN_BOOL_CONVERSION = YES;
				CLANG_WARN_COMMA = YES;
				CLANG_WARN_CONSTANT_CONVERSION = YES;
				CLANG_WARN_DEPRECATED_OBJC_IMPLEMENTATIONS = YES;
				CLANG_WARN_DIRECT_OBJC_ISA_USAGE = YES_ERROR;
				CLANG_WARN_DOCUMENTATION_COMMENTS = YES;
				CLANG_WARN_EMPTY_BODY = YES;
				CLANG_WARN_ENUM_CONVERSION = YES;
				CLANG_WARN_INFINITE_RECURSION = YES;
				CLANG_WARN_INT_CONVERSION = YES;
				CLANG_WARN_NON_LITERAL_NULL_CONVERSION = YES;
				CLANG_WARN_OBJC_IMPLICIT_RETAIN_SELF = YES;
				CLANG_WARN_OBJC_LITERAL_CONVERSION = YES;
				CLANG_WARN_OBJC_ROOT_CLASS = YES_ERROR;
				CLANG_WARN_QUOTED_INCLUDE_IN_FRAMEWORK_HEADER = YES;
				CLANG_WARN_RANGE_LOOP_ANALYSIS = YES;
				CLANG_WARN_STRICT_PROTOTYPES = YES;
				CLANG_WARN_SUSPICIOUS_MOVE = YES;
				CLANG_WARN_UNGUARDED_AVAILABILITY = YES_AGGRESSIVE;
				CLANG_WARN_UNREACHABLE_CODE = YES;
				CLANG_WARN__DUPLICATE_METHOD_MATCH = YES;
				COPY_PHASE_STRIP = NO;
				DEBUG_INFORMATION_FORMAT = "dwarf-with-dsym";
				ENABLE_NS_ASSERTIONS = NO;
				ENABLE_STRICT_OBJC_MSGSEND = YES;
				GCC_C_LANGUAGE_STANDARD = gnu11;
				GCC_NO_COMMON_BLOCKS = YES;
				GCC_WARN_64_TO_32_BIT_CONVERSION = YES;
				GCC_WARN_ABOUT_RETURN_TYPE = YES_ERROR;
				GCC_WARN_UNDECLARED_SELECTOR = YES;
				GCC_WARN_UNINITIALIZED_AUTOS = YES_AGGRESSIVE;
				GCC_WARN_UNUSED_FUNCTION = YES;
				GCC_WARN_UNUSED_VARIABLE = YES;
				IPHONEOS_DEPLOYMENT_TARGET = 16.4;
				MTL_ENABLE_DEBUG_INFO = NO;
				MTL_FAST_MATH = YES;
				SDKROOT = iphoneos;
				SWIFT_COMPILATION_MODE = wholemodule;
				SWIFT_OPTIMIZATION_LEVEL = "-O";
				VALIDATE_PRODUCT = YES;
			};
			name = Release;
		};
		69A3B4812A79F09700FA119D /* Debug */ = {
			isa = XCBuildConfiguration;
			buildSettings = {
				ASSETCATALOG_COMPILER_APPICON_NAME = AppIcon;
				ASSETCATALOG_COMPILER_GLOBAL_ACCENT_COLOR_NAME = AccentColor;
				ASSETCATALOG_COMPILER_INCLUDE_ALL_APPICON_ASSETS = YES;
				CODE_SIGN_STYLE = Automatic;
				CURRENT_PROJECT_VERSION = 1;
				GENERATE_INFOPLIST_FILE = YES;
				INFOPLIST_FILE = memo/Info.plist;
				INFOPLIST_KEY_UIApplicationSupportsIndirectInputEvents = YES;
				INFOPLIST_KEY_UILaunchStoryboardName = LaunchScreen.storyboard;
				INFOPLIST_KEY_UIMainStoryboardFile = Main;
				INFOPLIST_KEY_UISupportedInterfaceOrientations_iPad = "UIInterfaceOrientationPortrait UIInterfaceOrientationPortraitUpsideDown UIInterfaceOrientationLandscapeLeft UIInterfaceOrientationLandscapeRight";
				INFOPLIST_KEY_UISupportedInterfaceOrientations_iPhone = "UIInterfaceOrientationPortrait UIInterfaceOrientationLandscapeLeft UIInterfaceOrientationLandscapeRight";
				LD_RUNPATH_SEARCH_PATHS = (
					"$(inherited)",
					"@executable_path/Frameworks",
				);
				MARKETING_VERSION = 1.0;
				PRODUCT_BUNDLE_IDENTIFIER = com.example.memo;
				PRODUCT_NAME = "$(TARGET_NAME)";
				SWIFT_EMIT_LOC_STRINGS = YES;
				SWIFT_VERSION = 5.0;
				TARGETED_DEVICE_FAMILY = "1,2";
			};
			name = Debug;
		};
		69A3B4822A79F09700FA119D /* Release */ = {
			isa = XCBuildConfiguration;
			buildSettings = {
				ASSETCATALOG_COMPILER_APPICON_NAME = AppIcon;
				ASSETCATALOG_COMPILER_GLOBAL_ACCENT_COLOR_NAME = AccentColor;
				ASSETCATALOG_COMPILER_INCLUDE_ALL_APPICON_ASSETS = YES;
				CODE_SIGN_STYLE = Automatic;
				CURRENT_PROJECT_VERSION = 1;
				GENERATE_INFOPLIST_FILE = YES;
				INFOPLIST_FILE = memo/Info.plist;
				INFOPLIST_KEY_UIApplicationSupportsIndirectInputEvents = YES;
				INFOPLIST_KEY_UILaunchStoryboardName = LaunchScreen.storyboard;
				INFOPLIST_KEY_UIMainStoryboardFile = Main;
				INFOPLIST_KEY_UISupportedInterfaceOrientations_iPad = "UIInterfaceOrientationPortrait UIInterfaceOrientationPortraitUpsideDown UIInterfaceOrientationLandscapeLeft UIInterfaceOrientationLandscapeRight";
				INFOPLIST_KEY_UISupportedInterfaceOrientations_iPhone = "UIInterfaceOrientationPortrait UIInterfaceOrientationLandscapeLeft UIInterfaceOrientationLandscapeRight";
				LD_RUNPATH_SEARCH_PATHS = (
					"$(inherited)",
					"@executable_path/Frameworks",
				);
				MARKETING_VERSION = 1.0;
				PRODUCT_BUNDLE_IDENTIFIER = com.example.memo;
				PRODUCT_NAME = "$(TARGET_NAME)";
				SWIFT_EMIT_LOC_STRINGS = YES;
				SWIFT_VERSION = 5.0;
				TARGETED_DEVICE_FAMILY = "1,2";
			};
			name = Release;
		};
/* End XCBuildConfiguration section */

/* Begin XCConfigurationList section */
		69A3B4672A79F09500FA119D /* Build configuration list for PBXProject "memo" */ = {
			isa = XCConfigurationList;
			buildConfigurations = (
				69A3B47E2A79F09700FA119D /* Debug */,
				69A3B47F2A79F09700FA119D /* Release */,
			);
			defaultConfigurationIsVisible = 0;
			defaultConfigurationName = Release;
		};
		69A3B4802A79F09700FA119D /* Build configuration list for PBXNativeTarget "memo" */ = {
			isa = XCConfigurationList;
			buildConfigurations = (
				69A3B4812A79F09700FA119D /* Debug */,
				69A3B4822A79F09700FA119D /* Release */,
			);
			defaultConfigurationIsVisible = 0;
			defaultConfigurationName = Release;
		};
/* End XCConfigurationList section */

/* Begin XCRemoteSwiftPackageReference section */
		6979A3F12A9CB35C00AC293A /* XCRemoteSwiftPackageReference "Kingfisher" */ = {
			isa = XCRemoteSwiftPackageReference;
			repositoryURL = "https://github.com/onevcat/Kingfisher.git";
			requirement = {
				kind = upToNextMajorVersion;
				minimumVersion = 7.0.0;
			};
		};
		6979A4022A9DB86C00AC293A /* XCRemoteSwiftPackageReference "Alamofire" */ = {
			isa = XCRemoteSwiftPackageReference;
			repositoryURL = "https://github.com/Alamofire/Alamofire.git";
			requirement = {
				kind = upToNextMajorVersion;
				minimumVersion = 5.0.0;
			};
		};
/* End XCRemoteSwiftPackageReference section */

/* Begin XCSwiftPackageProductDependency section */
		6979A3F22A9CB35C00AC293A /* Kingfisher */ = {
			isa = XCSwiftPackageProductDependency;
			package = 6979A3F12A9CB35C00AC293A /* XCRemoteSwiftPackageReference "Kingfisher" */;
			productName = Kingfisher;
		};
		6979A4032A9DB86C00AC293A /* Alamofire */ = {
			isa = XCSwiftPackageProductDependency;
			package = 6979A4022A9DB86C00AC293A /* XCRemoteSwiftPackageReference "Alamofire" */;
			productName = Alamofire;
		};
/* End XCSwiftPackageProductDependency section */

/* Begin XCVersionGroup section */
		6968A7E12AB92EFA004369BF /* Task.xcdatamodeld */ = {
			isa = XCVersionGroup;
			children = (
				6968A7E22AB92EFB004369BF /* Task.xcdatamodel */,
			);
			currentVersion = 6968A7E22AB92EFB004369BF /* Task.xcdatamodel */;
			path = Task.xcdatamodeld;
			sourceTree = "<group>";
			versionGroupType = wrapper.xcdatamodel;
		};
/* End XCVersionGroup section */
	};
	rootObject = 69A3B4642A79F09500FA119D /* Project object */;
}
